// !$*UTF8*$!
{
	archiveVersion = 1;
	classes = {
	};
	objectVersion = 46;
	objects = {

/* Begin PBXBuildFile section */
		CA078B9B1A51010800A39FDC /* ImageLoader.swift in Sources */ = {isa = PBXBuildFile; fileRef = CA078B9A1A51010800A39FDC /* ImageLoader.swift */; };
		CA0AE7811A49187100108791 /* FeaturedTableViewController.swift in Sources */ = {isa = PBXBuildFile; fileRef = CA0AE7801A49187100108791 /* FeaturedTableViewController.swift */; };
		CA19BCD01A49161D006C2989 /* AppDelegate.swift in Sources */ = {isa = PBXBuildFile; fileRef = CA19BCCF1A49161D006C2989 /* AppDelegate.swift */; };
		CA19BCD91A49161D006C2989 /* Images.xcassets in Resources */ = {isa = PBXBuildFile; fileRef = CA19BCD81A49161D006C2989 /* Images.xcassets */; };
		CA19BCE81A49161D006C2989 /* FlickrFeedTests.swift in Sources */ = {isa = PBXBuildFile; fileRef = CA19BCE71A49161D006C2989 /* FlickrFeedTests.swift */; };
		CA1A63C11A5C55EB00476EC2 /* Reachability.swift in Sources */ = {isa = PBXBuildFile; fileRef = CA1A63C01A5C55EB00476EC2 /* Reachability.swift */; };
		CA28CB9F1A5CF5D700DC052E /* FormatDate.swift in Sources */ = {isa = PBXBuildFile; fileRef = CA28CB9E1A5CF5D700DC052E /* FormatDate.swift */; };
		CA3C15351A509E3600DA027D /* FeedHelper.swift in Sources */ = {isa = PBXBuildFile; fileRef = CA3C15341A509E3600DA027D /* FeedHelper.swift */; };
		CA3C15371A50AE9F00DA027D /* SearchResultsViewController.swift in Sources */ = {isa = PBXBuildFile; fileRef = CA3C15361A50AE9F00DA027D /* SearchResultsViewController.swift */; };
		CA5AC6211A4B71CD007B50A8 /* CardTableViewCell.swift in Sources */ = {isa = PBXBuildFile; fileRef = CA5AC6201A4B71CD007B50A8 /* CardTableViewCell.swift */; };
		CA7EE7FB1A4EF42B002B3BED /* SearchViewController.swift in Sources */ = {isa = PBXBuildFile; fileRef = CA7EE7FA1A4EF42B002B3BED /* SearchViewController.swift */; };
		CAA6A7351A4E60010007E7C2 /* Main.storyboard in Resources */ = {isa = PBXBuildFile; fileRef = CAA6A7341A4E60010007E7C2 /* Main.storyboard */; };
		CAC27A7B1A4CA39C00A158A9 /* DetailViewController.swift in Sources */ = {isa = PBXBuildFile; fileRef = CAC27A7A1A4CA39C00A158A9 /* DetailViewController.swift */; };
		CACBEEBB1A52318300F81B78 /* CommentsTableViewController.swift in Sources */ = {isa = PBXBuildFile; fileRef = CACBEEBA1A52318300F81B78 /* CommentsTableViewController.swift */; };
		CACBEEBD1A52389E00F81B78 /* CommentsTableViewCell.swift in Sources */ = {isa = PBXBuildFile; fileRef = CACBEEBC1A52389E00F81B78 /* CommentsTableViewCell.swift */; };
		CAF58EE61A4B36860041D735 /* FeedItem.swift in Sources */ = {isa = PBXBuildFile; fileRef = CAF58EE51A4B36860041D735 /* FeedItem.swift */; };
/* End PBXBuildFile section */

/* Begin PBXContainerItemProxy section */
		CA19BCE21A49161D006C2989 /* PBXContainerItemProxy */ = {
			isa = PBXContainerItemProxy;
			containerPortal = CA19BCC21A49161D006C2989 /* Project object */;
			proxyType = 1;
			remoteGlobalIDString = CA19BCC91A49161D006C2989;
			remoteInfo = FlickrFeed;
		};
/* End PBXContainerItemProxy section */

/* Begin PBXFileReference section */
		CA078B9A1A51010800A39FDC /* ImageLoader.swift */ = {isa = PBXFileReference; fileEncoding = 4; lastKnownFileType = sourcecode.swift; path = ImageLoader.swift; sourceTree = "<group>"; };
		CA0AE7801A49187100108791 /* FeaturedTableViewController.swift */ = {isa = PBXFileReference; fileEncoding = 4; lastKnownFileType = sourcecode.swift; path = FeaturedTableViewController.swift; sourceTree = "<group>"; };
		CA19BCCA1A49161D006C2989 /* FlickrFeed.app */ = {isa = PBXFileReference; explicitFileType = wrapper.application; includeInIndex = 0; path = FlickrFeed.app; sourceTree = BUILT_PRODUCTS_DIR; };
		CA19BCCE1A49161D006C2989 /* Info.plist */ = {isa = PBXFileReference; lastKnownFileType = text.plist.xml; path = Info.plist; sourceTree = "<group>"; };
		CA19BCCF1A49161D006C2989 /* AppDelegate.swift */ = {isa = PBXFileReference; lastKnownFileType = sourcecode.swift; path = AppDelegate.swift; sourceTree = "<group>"; };
		CA19BCD81A49161D006C2989 /* Images.xcassets */ = {isa = PBXFileReference; lastKnownFileType = folder.assetcatalog; path = Images.xcassets; sourceTree = "<group>"; };
		CA19BCE11A49161D006C2989 /* FlickrFeedTests.xctest */ = {isa = PBXFileReference; explicitFileType = wrapper.cfbundle; includeInIndex = 0; path = FlickrFeedTests.xctest; sourceTree = BUILT_PRODUCTS_DIR; };
		CA19BCE61A49161D006C2989 /* Info.plist */ = {isa = PBXFileReference; lastKnownFileType = text.plist.xml; path = Info.plist; sourceTree = "<group>"; };
		CA19BCE71A49161D006C2989 /* FlickrFeedTests.swift */ = {isa = PBXFileReference; lastKnownFileType = sourcecode.swift; path = FlickrFeedTests.swift; sourceTree = "<group>"; };
		CA1A63C01A5C55EB00476EC2 /* Reachability.swift */ = {isa = PBXFileReference; fileEncoding = 4; lastKnownFileType = sourcecode.swift; path = Reachability.swift; sourceTree = "<group>"; };
		CA28CB9E1A5CF5D700DC052E /* FormatDate.swift */ = {isa = PBXFileReference; fileEncoding = 4; lastKnownFileType = sourcecode.swift; path = FormatDate.swift; sourceTree = "<group>"; };
		CA3C15341A509E3600DA027D /* FeedHelper.swift */ = {isa = PBXFileReference; fileEncoding = 4; lastKnownFileType = sourcecode.swift; path = FeedHelper.swift; sourceTree = "<group>"; };
		CA3C15361A50AE9F00DA027D /* SearchResultsViewController.swift */ = {isa = PBXFileReference; fileEncoding = 4; lastKnownFileType = sourcecode.swift; path = SearchResultsViewController.swift; sourceTree = "<group>"; };
		CA5AC6201A4B71CD007B50A8 /* CardTableViewCell.swift */ = {isa = PBXFileReference; fileEncoding = 4; lastKnownFileType = sourcecode.swift; path = CardTableViewCell.swift; sourceTree = "<group>"; };
		CA7EE7FA1A4EF42B002B3BED /* SearchViewController.swift */ = {isa = PBXFileReference; fileEncoding = 4; lastKnownFileType = sourcecode.swift; path = SearchViewController.swift; sourceTree = "<group>"; };
		CAA6A7341A4E60010007E7C2 /* Main.storyboard */ = {isa = PBXFileReference; fileEncoding = 4; lastKnownFileType = file.storyboard; path = Main.storyboard; sourceTree = "<group>"; };
		CAC27A7A1A4CA39C00A158A9 /* DetailViewController.swift */ = {isa = PBXFileReference; fileEncoding = 4; lastKnownFileType = sourcecode.swift; path = DetailViewController.swift; sourceTree = "<group>"; };
		CACBEEBA1A52318300F81B78 /* CommentsTableViewController.swift */ = {isa = PBXFileReference; fileEncoding = 4; lastKnownFileType = sourcecode.swift; path = CommentsTableViewController.swift; sourceTree = "<group>"; };
		CACBEEBC1A52389E00F81B78 /* CommentsTableViewCell.swift */ = {isa = PBXFileReference; fileEncoding = 4; lastKnownFileType = sourcecode.swift; path = CommentsTableViewCell.swift; sourceTree = "<group>"; };
		CAF58EE51A4B36860041D735 /* FeedItem.swift */ = {isa = PBXFileReference; fileEncoding = 4; lastKnownFileType = sourcecode.swift; path = FeedItem.swift; sourceTree = "<group>"; };
/* End PBXFileReference section */

/* Begin PBXFrameworksBuildPhase section */
		CA19BCC71A49161D006C2989 /* Frameworks */ = {
			isa = PBXFrameworksBuildPhase;
			buildActionMask = 2147483647;
			files = (
			);
			runOnlyForDeploymentPostprocessing = 0;
		};
		CA19BCDE1A49161D006C2989 /* Frameworks */ = {
			isa = PBXFrameworksBuildPhase;
			buildActionMask = 2147483647;
			files = (
			);
			runOnlyForDeploymentPostprocessing = 0;
		};
/* End PBXFrameworksBuildPhase section */

/* Begin PBXGroup section */
		CA19BCC11A49161D006C2989 = {
			isa = PBXGroup;
			children = (
				CA19BCCC1A49161D006C2989 /* FlickrFeed */,
				CA19BCE41A49161D006C2989 /* FlickrFeedTests */,
				CA19BCCB1A49161D006C2989 /* Products */,
			);
			sourceTree = "<group>";
		};
		CA19BCCB1A49161D006C2989 /* Products */ = {
			isa = PBXGroup;
			children = (
				CA19BCCA1A49161D006C2989 /* FlickrFeed.app */,
				CA19BCE11A49161D006C2989 /* FlickrFeedTests.xctest */,
			);
			name = Products;
			sourceTree = "<group>";
		};
		CA19BCCC1A49161D006C2989 /* FlickrFeed */ = {
			isa = PBXGroup;
			children = (
				CA28CB9E1A5CF5D700DC052E /* FormatDate.swift */,
				CA1A63C01A5C55EB00476EC2 /* Reachability.swift */,
				CA078B9A1A51010800A39FDC /* ImageLoader.swift */,
				CA3C15341A509E3600DA027D /* FeedHelper.swift */,
				CAF58EE51A4B36860041D735 /* FeedItem.swift */,
				CA5AC6201A4B71CD007B50A8 /* CardTableViewCell.swift */,
				CAC27A7A1A4CA39C00A158A9 /* DetailViewController.swift */,
				CA0AE7801A49187100108791 /* FeaturedTableViewController.swift */,
				CA7EE7FA1A4EF42B002B3BED /* SearchViewController.swift */,
				CA3C15361A50AE9F00DA027D /* SearchResultsViewController.swift */,
				CACBEEBA1A52318300F81B78 /* CommentsTableViewController.swift */,
				CACBEEBC1A52389E00F81B78 /* CommentsTableViewCell.swift */,
				CA19BCCF1A49161D006C2989 /* AppDelegate.swift */,
				CA19BCD81A49161D006C2989 /* Images.xcassets */,
				CAA6A7341A4E60010007E7C2 /* Main.storyboard */,
				CA19BCCD1A49161D006C2989 /* Supporting Files */,
			);
			path = FlickrFeed;
			sourceTree = "<group>";
		};
		CA19BCCD1A49161D006C2989 /* Supporting Files */ = {
			isa = PBXGroup;
			children = (
				CA19BCCE1A49161D006C2989 /* Info.plist */,
			);
			name = "Supporting Files";
			sourceTree = "<group>";
		};
		CA19BCE41A49161D006C2989 /* FlickrFeedTests */ = {
			isa = PBXGroup;
			children = (
				CA19BCE71A49161D006C2989 /* FlickrFeedTests.swift */,
				CA19BCE51A49161D006C2989 /* Supporting Files */,
			);
			path = FlickrFeedTests;
			sourceTree = "<group>";
		};
		CA19BCE51A49161D006C2989 /* Supporting Files */ = {
			isa = PBXGroup;
			children = (
				CA19BCE61A49161D006C2989 /* Info.plist */,
			);
			name = "Supporting Files";
			sourceTree = "<group>";
		};
/* End PBXGroup section */

/* Begin PBXNativeTarget section */
		CA19BCC91A49161D006C2989 /* FlickrFeed */ = {
			isa = PBXNativeTarget;
			buildConfigurationList = CA19BCEB1A49161D006C2989 /* Build configuration list for PBXNativeTarget "FlickrFeed" */;
			buildPhases = (
				CA19BCC61A49161D006C2989 /* Sources */,
				CA19BCC71A49161D006C2989 /* Frameworks */,
				CA19BCC81A49161D006C2989 /* Resources */,
			);
			buildRules = (
			);
			dependencies = (
			);
			name = FlickrFeed;
			productName = FlickrFeed;
			productReference = CA19BCCA1A49161D006C2989 /* FlickrFeed.app */;
			productType = "com.apple.product-type.application";
		};
		CA19BCE01A49161D006C2989 /* FlickrFeedTests */ = {
			isa = PBXNativeTarget;
			buildConfigurationList = CA19BCEE1A49161D006C2989 /* Build configuration list for PBXNativeTarget "FlickrFeedTests" */;
			buildPhases = (
				CA19BCDD1A49161D006C2989 /* Sources */,
				CA19BCDE1A49161D006C2989 /* Frameworks */,
				CA19BCDF1A49161D006C2989 /* Resources */,
			);
			buildRules = (
			);
			dependencies = (
				CA19BCE31A49161D006C2989 /* PBXTargetDependency */,
			);
			name = FlickrFeedTests;
			productName = FlickrFeedTests;
			productReference = CA19BCE11A49161D006C2989 /* FlickrFeedTests.xctest */;
			productType = "com.apple.product-type.bundle.unit-test";
		};
/* End PBXNativeTarget section */

/* Begin PBXProject section */
		CA19BCC21A49161D006C2989 /* Project object */ = {
			isa = PBXProject;
			attributes = {
				LastUpgradeCheck = 0610;
				ORGANIZATIONNAME = "Max Tayler";
				TargetAttributes = {
					CA19BCC91A49161D006C2989 = {
						CreatedOnToolsVersion = 6.1.1;
						DevelopmentTeam = 9WA6K9AL28;
					};
					CA19BCE01A49161D006C2989 = {
						CreatedOnToolsVersion = 6.1.1;
						TestTargetID = CA19BCC91A49161D006C2989;
					};
				};
			};
			buildConfigurationList = CA19BCC51A49161D006C2989 /* Build configuration list for PBXProject "FlickrFeed" */;
			compatibilityVersion = "Xcode 3.2";
			developmentRegion = English;
			hasScannedForEncodings = 0;
			knownRegions = (
				en,
				Base,
			);
			mainGroup = CA19BCC11A49161D006C2989;
			productRefGroup = CA19BCCB1A49161D006C2989 /* Products */;
			projectDirPath = "";
			projectRoot = "";
			targets = (
				CA19BCC91A49161D006C2989 /* FlickrFeed */,
				CA19BCE01A49161D006C2989 /* FlickrFeedTests */,
			);
		};
/* End PBXProject section */

/* Begin PBXResourcesBuildPhase section */
		CA19BCC81A49161D006C2989 /* Resources */ = {
			isa = PBXResourcesBuildPhase;
			buildActionMask = 2147483647;
			files = (
				CAA6A7351A4E60010007E7C2 /* Main.storyboard in Resources */,
				CA19BCD91A49161D006C2989 /* Images.xcassets in Resources */,
			);
			runOnlyForDeploymentPostprocessing = 0;
		};
		CA19BCDF1A49161D006C2989 /* Resources */ = {
			isa = PBXResourcesBuildPhase;
			buildActionMask = 2147483647;
			files = (
			);
			runOnlyForDeploymentPostprocessing = 0;
		};
/* End PBXResourcesBuildPhase section */

/* Begin PBXSourcesBuildPhase section */
		CA19BCC61A49161D006C2989 /* Sources */ = {
			isa = PBXSourcesBuildPhase;
			buildActionMask = 2147483647;
			files = (
				CA7EE7FB1A4EF42B002B3BED /* SearchViewController.swift in Sources */,
				CA28CB9F1A5CF5D700DC052E /* FormatDate.swift in Sources */,
				CA3C15351A509E3600DA027D /* FeedHelper.swift in Sources */,
				CA1A63C11A5C55EB00476EC2 /* Reachability.swift in Sources */,
				CA078B9B1A51010800A39FDC /* ImageLoader.swift in Sources */,
				CA0AE7811A49187100108791 /* FeaturedTableViewController.swift in Sources */,
				CA5AC6211A4B71CD007B50A8 /* CardTableViewCell.swift in Sources */,
				CACBEEBB1A52318300F81B78 /* CommentsTableViewController.swift in Sources */,
				CAC27A7B1A4CA39C00A158A9 /* DetailViewController.swift in Sources */,
				CA19BCD01A49161D006C2989 /* AppDelegate.swift in Sources */,
				CAF58EE61A4B36860041D735 /* FeedItem.swift in Sources */,
				CA3C15371A50AE9F00DA027D /* SearchResultsViewController.swift in Sources */,
				CACBEEBD1A52389E00F81B78 /* CommentsTableViewCell.swift in Sources */,
			);
			runOnlyForDeploymentPostprocessing = 0;
		};
		CA19BCDD1A49161D006C2989 /* Sources */ = {
			isa = PBXSourcesBuildPhase;
			buildActionMask = 2147483647;
			files = (
				CA19BCE81A49161D006C2989 /* FlickrFeedTests.swift in Sources */,
			);
			runOnlyForDeploymentPostprocessing = 0;
		};
/* End PBXSourcesBuildPhase section */

/* Begin PBXTargetDependency section */
		CA19BCE31A49161D006C2989 /* PBXTargetDependency */ = {
			isa = PBXTargetDependency;
			target = CA19BCC91A49161D006C2989 /* FlickrFeed */;
			targetProxy = CA19BCE21A49161D006C2989 /* PBXContainerItemProxy */;
		};
/* End PBXTargetDependency section */

/* Begin XCBuildConfiguration section */
		CA19BCE91A49161D006C2989 /* Debug */ = {
			isa = XCBuildConfiguration;
			buildSettings = {
				ALWAYS_SEARCH_USER_PATHS = NO;
				CLANG_CXX_LANGUAGE_STANDARD = "gnu++0x";
				CLANG_CXX_LIBRARY = "libc++";
				CLANG_ENABLE_MODULES = YES;
				CLANG_ENABLE_OBJC_ARC = YES;
				CLANG_WARN_BOOL_CONVERSION = YES;
				CLANG_WARN_CONSTANT_CONVERSION = YES;
				CLANG_WARN_DIRECT_OBJC_ISA_USAGE = YES_ERROR;
				CLANG_WARN_EMPTY_BODY = YES;
				CLANG_WARN_ENUM_CONVERSION = YES;
				CLANG_WARN_INT_CONVERSION = YES;
				CLANG_WARN_OBJC_ROOT_CLASS = YES_ERROR;
				CLANG_WARN_UNREACHABLE_CODE = YES;
				CLANG_WARN__DUPLICATE_METHOD_MATCH = YES;
				"CODE_SIGN_IDENTITY[sdk=iphoneos*]" = "iPhone Developer";
				COPY_PHASE_STRIP = NO;
				ENABLE_STRICT_OBJC_MSGSEND = YES;
				GCC_C_LANGUAGE_STANDARD = gnu99;
				GCC_DYNAMIC_NO_PIC = NO;
				GCC_OPTIMIZATION_LEVEL = 0;
				GCC_PREPROCESSOR_DEFINITIONS = (
					"DEBUG=1",
					"$(inherited)",
				);
				GCC_SYMBOLS_PRIVATE_EXTERN = NO;
				GCC_WARN_64_TO_32_BIT_CONVERSION = YES;
				GCC_WARN_ABOUT_RETURN_TYPE = YES_ERROR;
				GCC_WARN_UNDECLARED_SELECTOR = YES;
				GCC_WARN_UNINITIALIZED_AUTOS = YES_AGGRESSIVE;
				GCC_WARN_UNUSED_FUNCTION = YES;
				GCC_WARN_UNUSED_VARIABLE = YES;
				IPHONEOS_DEPLOYMENT_TARGET = 8.1;
				MTL_ENABLE_DEBUG_INFO = YES;
				ONLY_ACTIVE_ARCH = YES;
				SDKROOT = iphoneos;
				SWIFT_OPTIMIZATION_LEVEL = "-Onone";
			};
			name = Debug;
		};
		CA19BCEA1A49161D006C2989 /* Release */ = {
			isa = XCBuildConfiguration;
			buildSettings = {
				ALWAYS_SEARCH_USER_PATHS = NO;
				CLANG_CXX_LANGUAGE_STANDARD = "gnu++0x";
				CLANG_CXX_LIBRARY = "libc++";
				CLANG_ENABLE_MODULES = YES;
				CLANG_ENABLE_OBJC_ARC = YES;
				CLANG_WARN_BOOL_CONVERSION = YES;
				CLANG_WARN_CONSTANT_CONVERSION = YES;
				CLANG_WARN_DIRECT_OBJC_ISA_USAGE = YES_ERROR;
				CLANG_WARN_EMPTY_BODY = YES;
				CLANG_WARN_ENUM_CONVERSION = YES;
				CLANG_WARN_INT_CONVERSION = YES;
				CLANG_WARN_OBJC_ROOT_CLASS = YES_ERROR;
				CLANG_WARN_UNREACHABLE_CODE = YES;
				CLANG_WARN__DUPLICATE_METHOD_MATCH = YES;
				"CODE_SIGN_IDENTITY[sdk=iphoneos*]" = "iPhone Developer";
				COPY_PHASE_STRIP = YES;
				ENABLE_NS_ASSERTIONS = NO;
				ENABLE_STRICT_OBJC_MSGSEND = YES;
				GCC_C_LANGUAGE_STANDARD = gnu99;
				GCC_WARN_64_TO_32_BIT_CONVERSION = YES;
				GCC_WARN_ABOUT_RETURN_TYPE = YES_ERROR;
				GCC_WARN_UNDECLARED_SELECTOR = YES;
				GCC_WARN_UNINITIALIZED_AUTOS = YES_AGGRESSIVE;
				GCC_WARN_UNUSED_FUNCTION = YES;
				GCC_WARN_UNUSED_VARIABLE = YES;
				IPHONEOS_DEPLOYMENT_TARGET = 8.1;
				MTL_ENABLE_DEBUG_INFO = NO;
				SDKROOT = iphoneos;
				VALIDATE_PRODUCT = YES;
			};
			name = Release;
		};
		CA19BCEC1A49161D006C2989 /* Debug */ = {
			isa = XCBuildConfiguration;
			buildSettings = {
				ASSETCATALOG_COMPILER_APPICON_NAME = AppIcon;
				CODE_SIGN_IDENTITY = "iPhone Developer";
				"CODE_SIGN_IDENTITY[sdk=iphoneos*]" = "iPhone Developer";
				INFOPLIST_FILE = FlickrFeed/Info.plist;
				IPHONEOS_DEPLOYMENT_TARGET = 8.0;
				LD_RUNPATH_SEARCH_PATHS = "$(inherited) @executable_path/Frameworks";
				PRODUCT_NAME = "$(TARGET_NAME)";
				PROVISIONING_PROFILE = "";
			};
			name = Debug;
		};
		CA19BCED1A49161D006C2989 /* Release */ = {
			isa = XCBuildConfiguration;
			buildSettings = {
				ASSETCATALOG_COMPILER_APPICON_NAME = AppIcon;
				CODE_SIGN_IDENTITY = "iPhone Developer";
				"CODE_SIGN_IDENTITY[sdk=iphoneos*]" = "iPhone Developer";
				INFOPLIST_FILE = FlickrFeed/Info.plist;
				IPHONEOS_DEPLOYMENT_TARGET = 8.0;
				LD_RUNPATH_SEARCH_PATHS = "$(inherited) @executable_path/Frameworks";
				PRODUCT_NAME = "$(TARGET_NAME)";
				PROVISIONING_PROFILE = "";
			};
			name = Release;
		};
		CA19BCEF1A49161D006C2989 /* Debug */ = {
			isa = XCBuildConfiguration;
			buildSettings = {
				BUNDLE_LOADER = "$(TEST_HOST)";
				FRAMEWORK_SEARCH_PATHS = (
					"$(SDKROOT)/Developer/Library/Frameworks",
					"$(inherited)",
				);
				GCC_PREPROCESSOR_DEFINITIONS = (
					"DEBUG=1",
					"$(inherited)",
				);
				INFOPLIST_FILE = FlickrFeedTests/Info.plist;
				LD_RUNPATH_SEARCH_PATHS = "$(inherited) @executable_path/Frameworks @loader_path/Frameworks";
				PRODUCT_NAME = "$(TARGET_NAME)";
				TEST_HOST = "$(BUILT_PRODUCTS_DIR)/FlickrFeed.app/FlickrFeed";
			};
			name = Debug;
		};
		CA19BCF01A49161D006C2989 /* Release */ = {
			isa = XCBuildConfiguration;
			buildSettings = {
				BUNDLE_LOADER = "$(TEST_HOST)";
				FRAMEWORK_SEARCH_PATHS = (
					"$(SDKROOT)/Developer/Library/Frameworks",
					"$(inherited)",
				);
				INFOPLIST_FILE = FlickrFeedTests/Info.plist;
				LD_RUNPATH_SEARCH_PATHS = "$(inherited) @executable_path/Frameworks @loader_path/Frameworks";
				PRODUCT_NAME = "$(TARGET_NAME)";
				TEST_HOST = "$(BUILT_PRODUCTS_DIR)/FlickrFeed.app/FlickrFeed";
			};
			name = Release;
		};
/* End XCBuildConfiguration section */

/* Begin XCConfigurationList section */
		CA19BCC51A49161D006C2989 /* Build configuration list for PBXProject "FlickrFeed" */ = {
			isa = XCConfigurationList;
			buildConfigurations = (
				CA19BCE91A49161D006C2989 /* Debug */,
				CA19BCEA1A49161D006C2989 /* Release */,
			);
			defaultConfigurationIsVisible = 0;
			defaultConfigurationName = Release;
		};
		CA19BCEB1A49161D006C2989 /* Build configuration list for PBXNativeTarget "FlickrFeed" */ = {
			isa = XCConfigurationList;
			buildConfigurations = (
				CA19BCEC1A49161D006C2989 /* Debug */,
				CA19BCED1A49161D006C2989 /* Release */,
			);
			defaultConfigurationIsVisible = 0;
			defaultConfigurationName = Release;
		};
		CA19BCEE1A49161D006C2989 /* Build configuration list for PBXNativeTarget "FlickrFeedTests" */ = {
			isa = XCConfigurationList;
			buildConfigurations = (
				CA19BCEF1A49161D006C2989 /* Debug */,
				CA19BCF01A49161D006C2989 /* Release */,
			);
			defaultConfigurationIsVisible = 0;
			defaultConfigurationName = Release;
		};
/* End XCConfigurationList section */
	};
	rootObject = CA19BCC21A49161D006C2989 /* Project object */;
}
